
Microsoft Visual Studio Solution File, Format Version 12.00
# Visual Studio Version 17
VisualStudioVersion = 17.10.34916.146
MinimumVisualStudioVersion = 10.0.40219.1
Project("{9A19103F-16F7-4668-BE54-9A1E7A4F7556}") = "ReactiveCommandFilePickerDemo", "ReactiveCommandFilePickerDemo\ReactiveCommandFilePickerDemo.csproj", "{E694D18D-222F-4DFC-A10E-976EB87F147D}"
EndProject
Project("{9A19103F-16F7-4668-BE54-9A1E7A4F7556}") = "ReactiveCommandFilePickerDemo.Desktop", "ReactiveCommandFilePickerDemo.Desktop\ReactiveCommandFilePickerDemo.Desktop.csproj", "{BD3F6EC8-AA99-447E-97AC-641EAC501FC0}"
EndProject
Global
	GlobalSection(SolutionConfigurationPlatforms) = preSolution
		Debug|Any CPU = Debug|Any CPU
		Release|Any CPU = Release|Any CPU
	EndGlobalSection
	GlobalSection(ProjectConfigurationPlatforms) = postSolution
		{E694D18D-222F-4DFC-A10E-976EB87F147D}.Debug|Any CPU.ActiveCfg = Debug|Any CPU
		{E694D18D-222F-4DFC-A10E-976EB87F147D}.Debug|Any CPU.Build.0 = Debug|Any CPU
		{E694D18D-222F-4DFC-A10E-976EB87F147D}.Release|Any CPU.ActiveCfg = Release|Any CPU
		{E694D18D-222F-4DFC-A10E-976EB87F147D}.Release|Any CPU.Build.0 = Release|Any CPU
		{BD3F6EC8-AA99-447E-97AC-641EAC501FC0}.Debug|Any CPU.ActiveCfg = Debug|Any CPU
		{BD3F6EC8-AA99-447E-97AC-641EAC501FC0}.Debug|Any CPU.Build.0 = Debug|Any CPU
		{BD3F6EC8-AA99-447E-97AC-641EAC501FC0}.Release|Any CPU.ActiveCfg = Release|Any CPU
		{BD3F6EC8-AA99-447E-97AC-641EAC501FC0}.Release|Any CPU.Build.0 = Release|Any CPU
	EndGlobalSection
	GlobalSection(SolutionProperties) = preSolution
		HideSolutionNode = FALSE
	EndGlobalSection
	GlobalSection(ExtensibilityGlobals) = postSolution
		SolutionGuid = {FCD0CFA6-DD6C-44F2-82BB-C9A27145DD37}
	EndGlobalSection
EndGlobal
